// !$*UTF8*$!
{
	archiveVersion = 1;
	classes = {
	};
	objectVersion = 56;
	objects = {

/* Begin PBXBuildFile section */
		A10000000000000000000001 /* AirSIMIPadApp.swift in Sources */ = {isa = PBXBuildFile; fileRef = B10000000000000000000001 /* AirSIMIPadApp.swift */; };
		A10000000000000000000002 /* APIModels.swift in Sources */ = {isa = PBXBuildFile; fileRef = B10000000000000000000002 /* APIModels.swift */; };
		A10000000000000000000003 /* AirSIMAPI.swift in Sources */ = {isa = PBXBuildFile; fileRef = B10000000000000000000003 /* AirSIMAPI.swift */; };
		A10000000000000000000004 /* AppSettings.swift in Sources */ = {isa = PBXBuildFile; fileRef = B10000000000000000000004 /* AppSettings.swift */; };
		A10000000000000000000005 /* ContactStore.swift in Sources */ = {isa = PBXBuildFile; fileRef = B10000000000000000000005 /* ContactStore.swift */; };
		A10000000000000000000006 /* AudioSessionController.swift in Sources */ = {isa = PBXBuildFile; fileRef = B10000000000000000000006 /* AudioSessionController.swift */; };
		A10000000000000000000007 /* AppModel.swift in Sources */ = {isa = PBXBuildFile; fileRef = B10000000000000000000007 /* AppModel.swift */; };
		A10000000000000000000008 /* RootView.swift in Sources */ = {isa = PBXBuildFile; fileRef = B10000000000000000000008 /* RootView.swift */; };
		A10000000000000000000009 /* PhoneViews.swift in Sources */ = {isa = PBXBuildFile; fileRef = B10000000000000000000009 /* PhoneViews.swift */; };
		A1000000000000000000000A /* AirSIMSetupView.swift in Sources */ = {isa = PBXBuildFile; fileRef = B1000000000000000000000A /* AirSIMSetupView.swift */; };
		A1000000000000000000000E /* CallKitController.swift in Sources */ = {isa = PBXBuildFile; fileRef = B10000000000000000000010 /* CallKitController.swift */; };
		A1000000000000000000000F /* WiredHTTPTransport.swift in Sources */ = {isa = PBXBuildFile; fileRef = B10000000000000000000011 /* WiredHTTPTransport.swift */; };
		A10000000000000000000010 /* BackgroundStandbyController.swift in Sources */ = {isa = PBXBuildFile; fileRef = B10000000000000000000012 /* BackgroundStandbyController.swift */; };
		A10000000000000000000011 /* AirSIMLiveActivityShared.swift in Sources */ = {isa = PBXBuildFile; fileRef = B10000000000000000000013 /* AirSIMLiveActivityShared.swift */; };
		A10000000000000000000012 /* LiveActivityController.swift in Sources */ = {isa = PBXBuildFile; fileRef = B10000000000000000000014 /* LiveActivityController.swift */; };
		A10000000000000000000013 /* AirSIMLiveActivityWidget.swift in Sources */ = {isa = PBXBuildFile; fileRef = B10000000000000000000015 /* AirSIMLiveActivityWidget.swift */; };
		A10000000000000000000014 /* AirSIMLiveActivityShared.swift in Sources */ = {isa = PBXBuildFile; fileRef = B10000000000000000000013 /* AirSIMLiveActivityShared.swift */; };
		A10000000000000000000015 /* WiredHTTPTransport.swift in Sources */ = {isa = PBXBuildFile; fileRef = B10000000000000000000011 /* WiredHTTPTransport.swift */; };
		A10000000000000000000016 /* AirSIMLiveActivityExtension.appex in Embed App Extensions */ = {isa = PBXBuildFile; fileRef = B10000000000000000000017 /* AirSIMLiveActivityExtension.appex */; settings = {ATTRIBUTES = (CodeSignOnCopy, RemoveHeadersOnCopy, ); }; };
		A10000000000000000000017 /* LocalHistoryStore.swift in Sources */ = {isa = PBXBuildFile; fileRef = B10000000000000000000018 /* LocalHistoryStore.swift */; };
		A10000000000000000000018 /* AppIcon.icon in Resources */ = {isa = PBXBuildFile; fileRef = B10000000000000000000019 /* AppIcon.icon */; };
		A1000000000000000000001A /* VoIPPushController.swift in Sources */ = {isa = PBXBuildFile; fileRef = B1000000000000000000001B /* VoIPPushController.swift */; };
		A1000000000000000000001B /* WatchCallCoordinator.swift in Sources */ = {isa = PBXBuildFile; fileRef = B1000000000000000000001D /* WatchCallCoordinator.swift */; };
		A1000000000000000000001C /* WatchCallPayload.swift in Sources */ = {isa = PBXBuildFile; fileRef = B1000000000000000000001E /* WatchCallPayload.swift */; };
		A1000000000000000000001D /* WatchCallPayload.swift in Sources */ = {isa = PBXBuildFile; fileRef = B1000000000000000000001E /* WatchCallPayload.swift */; };
		A1000000000000000000001E /* AirSIMWatchApp.swift in Sources */ = {isa = PBXBuildFile; fileRef = B1000000000000000000001F /* AirSIMWatchApp.swift */; };
		A1000000000000000000001F /* WatchCallSession.swift in Sources */ = {isa = PBXBuildFile; fileRef = B10000000000000000000020 /* WatchCallSession.swift */; };
		A10000000000000000000020 /* WatchCallView.swift in Sources */ = {isa = PBXBuildFile; fileRef = B10000000000000000000021 /* WatchCallView.swift */; };
		A10000000000000000000021 /* AirSIMWatchApp.app in Embed Watch Content */ = {isa = PBXBuildFile; fileRef = B10000000000000000000022 /* AirSIMWatchApp.app */; settings = {ATTRIBUTES = (CodeSignOnCopy, ); }; };
		A10000000000000000000023 /* AppIcon.icon in Resources */ = {isa = PBXBuildFile; fileRef = B10000000000000000000019 /* AppIcon.icon */; };
		A10000000000000000000024 /* IPhoneCloudCallSession.swift in Sources */ = {isa = PBXBuildFile; fileRef = B10000000000000000000024 /* IPhoneCloudCallSession.swift */; };
		A10000000000000000000025 /* VirtualCallTTSController.swift in Sources */ = {isa = PBXBuildFile; fileRef = B10000000000000000000025 /* VirtualCallTTSController.swift */; };
		A10000000000000000000029 /* AgentVerboseTrace.swift in Sources */ = {isa = PBXBuildFile; fileRef = B10000000000000000000029 /* AgentVerboseTrace.swift */; };
		A1000000000000000000002A /* AgentVerboseTraceView.swift in Sources */ = {isa = PBXBuildFile; fileRef = B1000000000000000000002A /* AgentVerboseTraceView.swift */; };
		A1000000000000000000002C /* SamsungPairingCrypto.swift in Sources */ = {isa = PBXBuildFile; fileRef = B1000000000000000000002C /* SamsungPairingCrypto.swift */; };
		A1000000000000000000002D /* SamsungPairingClient.swift in Sources */ = {isa = PBXBuildFile; fileRef = B1000000000000000000002D /* SamsungPairingClient.swift */; };
		A1000000000000000000002E /* SamsungPairingView.swift in Sources */ = {isa = PBXBuildFile; fileRef = B1000000000000000000002E /* SamsungPairingView.swift */; };
		A1000000000000000000002F /* VoWLANAuth.swift in Sources */ = {isa = PBXBuildFile; fileRef = B1000000000000000000002F /* VoWLANAuth.swift */; };
		A10000000000000000000030 /* VoWLANController.swift in Sources */ = {isa = PBXBuildFile; fileRef = B10000000000000000000030 /* VoWLANController.swift */; };
		A1000000000000000000002B /* CallLifecycleStore.swift in Sources */ = {isa = PBXBuildFile; fileRef = B1000000000000000000002B /* CallLifecycleStore.swift */; };
		A30000000000000000000001 /* AirSIMTests.swift in Sources */ = {isa = PBXBuildFile; fileRef = B30000000000000000000001 /* AirSIMTests.swift */; };
/* End PBXBuildFile section */

/* Begin PBXContainerItemProxy section */
		G10000000000000000000001 /* PBXContainerItemProxy */ = {
			isa = PBXContainerItemProxy;
			containerPortal = E10000000000000000000002 /* Project object */;
			proxyType = 1;
			remoteGlobalIDString = E10000000000000000000003;
			remoteInfo = AirSIMLiveActivityExtension;
		};
		G30000000000000000000001 /* PBXContainerItemProxy */ = {
			isa = PBXContainerItemProxy;
			containerPortal = E10000000000000000000002 /* Project object */;
			proxyType = 1;
			remoteGlobalIDString = E10000000000000000000001;
			remoteInfo = "AirSIM";
		};
		G10000000000000000000002 /* PBXContainerItemProxy */ = {
			isa = PBXContainerItemProxy;
			containerPortal = E10000000000000000000002 /* Project object */;
			proxyType = 1;
			remoteGlobalIDString = E10000000000000000000004;
			remoteInfo = AirSIMWatchApp;
		};
/* End PBXContainerItemProxy section */

/* Begin PBXCopyFilesBuildPhase section */
		C10000000000000000000007 /* Embed App Extensions */ = {
			isa = PBXCopyFilesBuildPhase;
			buildActionMask = 2147483647;
			dstPath = "";
			dstSubfolderSpec = 13;
			files = (
				A10000000000000000000016 /* AirSIMLiveActivityExtension.appex in Embed App Extensions */,
			);
			name = "Embed App Extensions";
			runOnlyForDeploymentPostprocessing = 0;
		};
		C1000000000000000000000B /* Embed Watch Content */ = {
			isa = PBXCopyFilesBuildPhase;
			buildActionMask = 2147483647;
			dstPath = "$(CONTENTS_FOLDER_PATH)/Watch";
			dstSubfolderSpec = 16;
			files = (
				A10000000000000000000021 /* AirSIMWatchApp.app in Embed Watch Content */,
			);
			name = "Embed Watch Content";
			runOnlyForDeploymentPostprocessing = 0;
		};
/* End PBXCopyFilesBuildPhase section */

/* Begin PBXFileReference section */
		B10000000000000000000001 /* AirSIMIPadApp.swift */ = {isa = PBXFileReference; lastKnownFileType = sourcecode.swift; path = AirSIMIPadApp.swift; sourceTree = "<group>"; };
		B10000000000000000000002 /* APIModels.swift */ = {isa = PBXFileReference; lastKnownFileType = sourcecode.swift; path = APIModels.swift; sourceTree = "<group>"; };
		B10000000000000000000003 /* AirSIMAPI.swift */ = {isa = PBXFileReference; lastKnownFileType = sourcecode.swift; path = AirSIMAPI.swift; sourceTree = "<group>"; };
		B10000000000000000000004 /* AppSettings.swift */ = {isa = PBXFileReference; lastKnownFileType = sourcecode.swift; path = AppSettings.swift; sourceTree = "<group>"; };
		B10000000000000000000005 /* ContactStore.swift */ = {isa = PBXFileReference; lastKnownFileType = sourcecode.swift; path = ContactStore.swift; sourceTree = "<group>"; };
		B10000000000000000000006 /* AudioSessionController.swift */ = {isa = PBXFileReference; lastKnownFileType = sourcecode.swift; path = AudioSessionController.swift; sourceTree = "<group>"; };
		B10000000000000000000007 /* AppModel.swift */ = {isa = PBXFileReference; lastKnownFileType = sourcecode.swift; path = AppModel.swift; sourceTree = "<group>"; };
		B10000000000000000000008 /* RootView.swift */ = {isa = PBXFileReference; lastKnownFileType = sourcecode.swift; path = RootView.swift; sourceTree = "<group>"; };
		B10000000000000000000009 /* PhoneViews.swift */ = {isa = PBXFileReference; lastKnownFileType = sourcecode.swift; path = PhoneViews.swift; sourceTree = "<group>"; };
		B1000000000000000000000A /* AirSIMSetupView.swift */ = {isa = PBXFileReference; lastKnownFileType = sourcecode.swift; path = AirSIMSetupView.swift; sourceTree = "<group>"; };
		B1000000000000000000000B /* Info.plist */ = {isa = PBXFileReference; lastKnownFileType = text.plist.xml; path = Info.plist; sourceTree = "<group>"; };
		B1000000000000000000000C /* AirSIM.app */ = {isa = PBXFileReference; explicitFileType = wrapper.application; includeInIndex = 0; path = AirSIM.app; sourceTree = BUILT_PRODUCTS_DIR; };
		B10000000000000000000010 /* CallKitController.swift */ = {isa = PBXFileReference; lastKnownFileType = sourcecode.swift; path = CallKitController.swift; sourceTree = "<group>"; };
		B10000000000000000000011 /* WiredHTTPTransport.swift */ = {isa = PBXFileReference; lastKnownFileType = sourcecode.swift; path = WiredHTTPTransport.swift; sourceTree = "<group>"; };
		B10000000000000000000012 /* BackgroundStandbyController.swift */ = {isa = PBXFileReference; lastKnownFileType = sourcecode.swift; path = BackgroundStandbyController.swift; sourceTree = "<group>"; };
		B10000000000000000000013 /* AirSIMLiveActivityShared.swift */ = {isa = PBXFileReference; lastKnownFileType = sourcecode.swift; path = AirSIMLiveActivityShared.swift; sourceTree = "<group>"; };
		B10000000000000000000014 /* LiveActivityController.swift */ = {isa = PBXFileReference; lastKnownFileType = sourcecode.swift; path = LiveActivityController.swift; sourceTree = "<group>"; };
		B10000000000000000000015 /* AirSIMLiveActivityWidget.swift */ = {isa = PBXFileReference; lastKnownFileType = sourcecode.swift; path = AirSIMLiveActivityWidget.swift; sourceTree = "<group>"; };
		B10000000000000000000016 /* Info.plist */ = {isa = PBXFileReference; lastKnownFileType = text.plist.xml; path = Info.plist; sourceTree = "<group>"; };
		B10000000000000000000017 /* AirSIMLiveActivityExtension.appex */ = {isa = PBXFileReference; explicitFileType = "wrapper.app-extension"; includeInIndex = 0; path = AirSIMLiveActivityExtension.appex; sourceTree = BUILT_PRODUCTS_DIR; };
		B10000000000000000000018 /* LocalHistoryStore.swift */ = {isa = PBXFileReference; lastKnownFileType = sourcecode.swift; path = LocalHistoryStore.swift; sourceTree = "<group>"; };
		B10000000000000000000019 /* AppIcon.icon */ = {isa = PBXFileReference; lastKnownFileType = folder.iconcomposer.icon; path = AppIcon.icon; sourceTree = "<group>"; };
		B1000000000000000000001B /* VoIPPushController.swift */ = {isa = PBXFileReference; lastKnownFileType = sourcecode.swift; path = VoIPPushController.swift; sourceTree = "<group>"; };
		B1000000000000000000001C /* AirSIM.entitlements */ = {isa = PBXFileReference; lastKnownFileType = text.plist.entitlements; path = AirSIM.entitlements; sourceTree = "<group>"; };
		B1000000000000000000001D /* WatchCallCoordinator.swift */ = {isa = PBXFileReference; lastKnownFileType = sourcecode.swift; path = WatchCallCoordinator.swift; sourceTree = "<group>"; };
		B1000000000000000000001E /* WatchCallPayload.swift */ = {isa = PBXFileReference; lastKnownFileType = sourcecode.swift; path = WatchCallPayload.swift; sourceTree = "<group>"; };
		B1000000000000000000001F /* AirSIMWatchApp.swift */ = {isa = PBXFileReference; lastKnownFileType = sourcecode.swift; path = AirSIMWatchApp.swift; sourceTree = "<group>"; };
		B10000000000000000000020 /* WatchCallSession.swift */ = {isa = PBXFileReference; lastKnownFileType = sourcecode.swift; path = WatchCallSession.swift; sourceTree = "<group>"; };
		B10000000000000000000021 /* WatchCallView.swift */ = {isa = PBXFileReference; lastKnownFileType = sourcecode.swift; path = WatchCallView.swift; sourceTree = "<group>"; };
		B10000000000000000000022 /* AirSIMWatchApp.app */ = {isa = PBXFileReference; explicitFileType = wrapper.application; includeInIndex = 0; path = AirSIMWatchApp.app; sourceTree = BUILT_PRODUCTS_DIR; };
		B10000000000000000000023 /* Assets.xcassets */ = {isa = PBXFileReference; lastKnownFileType = folder.assetcatalog; path = Assets.xcassets; sourceTree = "<group>"; };
		B10000000000000000000024 /* IPhoneCloudCallSession.swift */ = {isa = PBXFileReference; lastKnownFileType = sourcecode.swift; path = IPhoneCloudCallSession.swift; sourceTree = "<group>"; };
		B1000000000000000000002B /* CallLifecycleStore.swift */ = {isa = PBXFileReference; lastKnownFileType = sourcecode.swift; path = CallLifecycleStore.swift; sourceTree = "<group>"; };
		B10000000000000000000025 /* VirtualCallTTSController.swift */ = {isa = PBXFileReference; lastKnownFileType = sourcecode.swift; path = VirtualCallTTSController.swift; sourceTree = "<group>"; };
		B10000000000000000000029 /* AgentVerboseTrace.swift */ = {isa = PBXFileReference; lastKnownFileType = sourcecode.swift; path = AgentVerboseTrace.swift; sourceTree = "<group>"; };
		B1000000000000000000002A /* AgentVerboseTraceView.swift */ = {isa = PBXFileReference; lastKnownFileType = sourcecode.swift; path = AgentVerboseTraceView.swift; sourceTree = "<group>"; };
		B1000000000000000000002C /* SamsungPairingCrypto.swift */ = {isa = PBXFileReference; lastKnownFileType = sourcecode.swift; path = SamsungPairingCrypto.swift; sourceTree = "<group>"; };
		B1000000000000000000002D /* SamsungPairingClient.swift */ = {isa = PBXFileReference; lastKnownFileType = sourcecode.swift; path = SamsungPairingClient.swift; sourceTree = "<group>"; };
		B1000000000000000000002E /* SamsungPairingView.swift */ = {isa = PBXFileReference; lastKnownFileType = sourcecode.swift; path = SamsungPairingView.swift; sourceTree = "<group>"; };
		B1000000000000000000002F /* VoWLANAuth.swift */ = {isa = PBXFileReference; lastKnownFileType = sourcecode.swift; path = VoWLANAuth.swift; sourceTree = "<group>"; };
		B10000000000000000000030 /* VoWLANController.swift */ = {isa = PBXFileReference; lastKnownFileType = sourcecode.swift; path = VoWLANController.swift; sourceTree = "<group>"; };
		B30000000000000000000001 /* AirSIMTests.swift */ = {isa = PBXFileReference; lastKnownFileType = sourcecode.swift; path = AirSIMTests.swift; sourceTree = "<group>"; };
		B30000000000000000000002 /* AirSIMTests.xctest */ = {isa = PBXFileReference; explicitFileType = wrapper.cfbundle; includeInIndex = 0; path = AirSIMTests.xctest; sourceTree = BUILT_PRODUCTS_DIR; };
/* End PBXFileReference section */

/* Begin PBXFrameworksBuildPhase section */
		C10000000000000000000001 /* Frameworks */ = {
			isa = PBXFrameworksBuildPhase;
			buildActionMask = 2147483647;
			files = (
			);
			runOnlyForDeploymentPostprocessing = 0;
		};
		C10000000000000000000004 /* Frameworks */ = {
			isa = PBXFrameworksBuildPhase;
			buildActionMask = 2147483647;
			files = (
			);
			runOnlyForDeploymentPostprocessing = 0;
		};
		C30000000000000000000001 /* Frameworks */ = {
			isa = PBXFrameworksBuildPhase;
			buildActionMask = 2147483647;
			files = (
			);
			runOnlyForDeploymentPostprocessing = 0;
		};
		C10000000000000000000008 /* Frameworks */ = {
			isa = PBXFrameworksBuildPhase;
			buildActionMask = 2147483647;
			files = (
			);
			runOnlyForDeploymentPostprocessing = 0;
		};
/* End PBXFrameworksBuildPhase section */

/* Begin PBXGroup section */
		D10000000000000000000001 = {
			isa = PBXGroup;
			children = (
				D10000000000000000000002 /* AirSIM */,
				D10000000000000000000004 /* Shared */,
				D10000000000000000000005 /* AirSIMLiveActivityExtension */,
				D10000000000000000000006 /* AirSIMWatchApp */,
				D30000000000000000000001 /* AirSIMTests */,
				D10000000000000000000003 /* Products */,
			);
			sourceTree = "<group>";
		};
		D10000000000000000000002 /* AirSIM */ = {
			isa = PBXGroup;
			children = (
				B10000000000000000000001 /* AirSIMIPadApp.swift */,
				B10000000000000000000002 /* APIModels.swift */,
				B10000000000000000000003 /* AirSIMAPI.swift */,
				B10000000000000000000011 /* WiredHTTPTransport.swift */,
				B10000000000000000000012 /* BackgroundStandbyController.swift */,
				B10000000000000000000014 /* LiveActivityController.swift */,
				B10000000000000000000004 /* AppSettings.swift */,
				B10000000000000000000005 /* ContactStore.swift */,
				B10000000000000000000006 /* AudioSessionController.swift */,
				B10000000000000000000007 /* AppModel.swift */,
				B10000000000000000000010 /* CallKitController.swift */,
				B1000000000000000000001B /* VoIPPushController.swift */,
				B10000000000000000000024 /* IPhoneCloudCallSession.swift */,
				B1000000000000000000002B /* CallLifecycleStore.swift */,
				B10000000000000000000025 /* VirtualCallTTSController.swift */,
				B10000000000000000000029 /* AgentVerboseTrace.swift */,
				B1000000000000000000002A /* AgentVerboseTraceView.swift */,
				B1000000000000000000002C /* SamsungPairingCrypto.swift */,
				B1000000000000000000002D /* SamsungPairingClient.swift */,
				B1000000000000000000002E /* SamsungPairingView.swift */,
				B1000000000000000000002F /* VoWLANAuth.swift */,
				B10000000000000000000030 /* VoWLANController.swift */,
				B1000000000000000000001D /* WatchCallCoordinator.swift */,
				B10000000000000000000008 /* RootView.swift */,
				B10000000000000000000009 /* PhoneViews.swift */,
				B1000000000000000000000A /* AirSIMSetupView.swift */,
				B10000000000000000000018 /* LocalHistoryStore.swift */,
				B10000000000000000000019 /* AppIcon.icon */,
				B1000000000000000000000B /* Info.plist */,
				B1000000000000000000001C /* AirSIM.entitlements */,
			);
			path = "AirSIM";
			sourceTree = "<group>";
		};
		D10000000000000000000003 /* Products */ = {
			isa = PBXGroup;
			children = (
				B1000000000000000000000C /* AirSIM.app */,
				B10000000000000000000017 /* AirSIMLiveActivityExtension.appex */,
				B30000000000000000000002 /* AirSIMTests.xctest */,
				B10000000000000000000022 /* AirSIMWatchApp.app */,
			);
			name = Products;
			sourceTree = "<group>";
		};
		D10000000000000000000004 /* Shared */ = {
			isa = PBXGroup;
			children = (
				B10000000000000000000013 /* AirSIMLiveActivityShared.swift */,
				B1000000000000000000001E /* WatchCallPayload.swift */,
			);
			path = Shared;
			sourceTree = "<group>";
		};
		D10000000000000000000005 /* AirSIMLiveActivityExtension */ = {
			isa = PBXGroup;
			children = (
				B10000000000000000000015 /* AirSIMLiveActivityWidget.swift */,
				B10000000000000000000016 /* Info.plist */,
			);
			path = AirSIMLiveActivityExtension;
			sourceTree = "<group>";
		};
		D30000000000000000000001 /* AirSIMTests */ = {
			isa = PBXGroup;
			children = (
				B30000000000000000000001 /* AirSIMTests.swift */,
			);
			path = "AirSIMTests";
			sourceTree = "<group>";
		};
		D10000000000000000000006 /* AirSIMWatchApp */ = {
			isa = PBXGroup;
			children = (
				B10000000000000000000023 /* Assets.xcassets */,
				B1000000000000000000001F /* AirSIMWatchApp.swift */,
				B10000000000000000000020 /* WatchCallSession.swift */,
				B10000000000000000000021 /* WatchCallView.swift */,
			);
			path = AirSIMWatchApp;
			sourceTree = "<group>";
		};
/* End PBXGroup section */

/* Begin PBXNativeTarget section */
		E10000000000000000000001 /* AirSIM */ = {
			isa = PBXNativeTarget;
			buildConfigurationList = F10000000000000000000002 /* Build configuration list for PBXNativeTarget "AirSIM" */;
			buildPhases = (
				C10000000000000000000002 /* Sources */,
				C10000000000000000000001 /* Frameworks */,
				C10000000000000000000003 /* Resources */,
				C10000000000000000000007 /* Embed App Extensions */,
				C1000000000000000000000B /* Embed Watch Content */,
			);
			buildRules = (
			);
			dependencies = (
				H10000000000000000000001 /* PBXTargetDependency */,
				H10000000000000000000002 /* PBXTargetDependency */,
			);
			name = "AirSIM";
			productName = AirSIM;
			productReference = B1000000000000000000000C /* AirSIM.app */;
			productType = "com.apple.product-type.application";
		};
		E10000000000000000000003 /* AirSIMLiveActivityExtension */ = {
			isa = PBXNativeTarget;
			buildConfigurationList = F10000000000000000000003 /* Build configuration list for PBXNativeTarget "AirSIMLiveActivityExtension" */;
			buildPhases = (
				C10000000000000000000005 /* Sources */,
				C10000000000000000000004 /* Frameworks */,
				C10000000000000000000006 /* Resources */,
			);
			buildRules = (
			);
			dependencies = (
			);
			name = AirSIMLiveActivityExtension;
			productName = AirSIMLiveActivityExtension;
			productReference = B10000000000000000000017 /* AirSIMLiveActivityExtension.appex */;
			productType = "com.apple.product-type.app-extension";
		};
		E30000000000000000000001 /* AirSIMTests */ = {
			isa = PBXNativeTarget;
			buildConfigurationList = F30000000000000000000001 /* Build configuration list for PBXNativeTarget "AirSIMTests" */;
			buildPhases = (
				C30000000000000000000003 /* Sources */,
				C30000000000000000000001 /* Frameworks */,
				C30000000000000000000002 /* Resources */,
			);
			buildRules = (
			);
			dependencies = (
				H30000000000000000000001 /* PBXTargetDependency */,
			);
			name = AirSIMTests;
			productName = AirSIMTests;
			productReference = B30000000000000000000002 /* AirSIMTests.xctest */;
			productType = "com.apple.product-type.bundle.unit-test";
		};
		E10000000000000000000004 /* AirSIMWatchApp */ = {
			isa = PBXNativeTarget;
			buildConfigurationList = F10000000000000000000004 /* Build configuration list for PBXNativeTarget "AirSIMWatchApp" */;
			buildPhases = (
				C10000000000000000000009 /* Sources */,
				C10000000000000000000008 /* Frameworks */,
				C1000000000000000000000A /* Resources */,
			);
			buildRules = (
			);
			dependencies = (
			);
			name = AirSIMWatchApp;
			productName = AirSIMWatchApp;
			productReference = B10000000000000000000022 /* AirSIMWatchApp.app */;
			productType = "com.apple.product-type.application";
		};
/* End PBXNativeTarget section */

/* Begin PBXProject section */
		E10000000000000000000002 /* Project object */ = {
			isa = PBXProject;
			attributes = {
				BuildIndependentTargetsInParallel = 1;
				LastSwiftUpdateCheck = 2600;
				LastUpgradeCheck = 2600;
				TargetAttributes = {
					E10000000000000000000001 = {
						CreatedOnToolsVersion = 26.0;
					};
					E10000000000000000000003 = {
						CreatedOnToolsVersion = 26.0;
					};
					E10000000000000000000004 = {
						CreatedOnToolsVersion = 26.0;
					};
				};
			};
			buildConfigurationList = F10000000000000000000001 /* Build configuration list for PBXProject "AirSIM" */;
			compatibilityVersion = "Xcode 14.0";
			developmentRegion = zh_CN;
			hasScannedForEncodings = 0;
			knownRegions = (
				zh_CN,
				en,
				Base,
			);
			mainGroup = D10000000000000000000001;
			productRefGroup = D10000000000000000000003 /* Products */;
			projectDirPath = "";
			projectRoot = "";
			targets = (
				E10000000000000000000001 /* AirSIM */,
				E10000000000000000000003 /* AirSIMLiveActivityExtension */,
				E30000000000000000000001 /* AirSIMTests */,
				E10000000000000000000004 /* AirSIMWatchApp */,
			);
		};
/* End PBXProject section */

/* Begin PBXResourcesBuildPhase section */
		C10000000000000000000003 /* Resources */ = {
			isa = PBXResourcesBuildPhase;
			buildActionMask = 2147483647;
			files = (
				A10000000000000000000018 /* AppIcon.icon in Resources */,
			);
			runOnlyForDeploymentPostprocessing = 0;
		};
		C10000000000000000000006 /* Resources */ = {
			isa = PBXResourcesBuildPhase;
			buildActionMask = 2147483647;
			files = (
			);
			runOnlyForDeploymentPostprocessing = 0;
		};
		C30000000000000000000002 /* Resources */ = {
			isa = PBXResourcesBuildPhase;
			buildActionMask = 2147483647;
			files = (
			);
			runOnlyForDeploymentPostprocessing = 0;
		};
		C1000000000000000000000A /* Resources */ = {
			isa = PBXResourcesBuildPhase;
			buildActionMask = 2147483647;
			files = (
				A10000000000000000000023 /* AppIcon.icon in Resources */,
			);
			runOnlyForDeploymentPostprocessing = 0;
		};
/* End PBXResourcesBuildPhase section */

/* Begin PBXSourcesBuildPhase section */
		C10000000000000000000002 /* Sources */ = {
			isa = PBXSourcesBuildPhase;
			buildActionMask = 2147483647;
			files = (
				A10000000000000000000001 /* AirSIMIPadApp.swift in Sources */,
				A10000000000000000000002 /* APIModels.swift in Sources */,
				A10000000000000000000003 /* AirSIMAPI.swift in Sources */,
				A1000000000000000000000F /* WiredHTTPTransport.swift in Sources */,
				A10000000000000000000010 /* BackgroundStandbyController.swift in Sources */,
				A10000000000000000000011 /* AirSIMLiveActivityShared.swift in Sources */,
				A10000000000000000000012 /* LiveActivityController.swift in Sources */,
				A10000000000000000000004 /* AppSettings.swift in Sources */,
				A10000000000000000000005 /* ContactStore.swift in Sources */,
				A10000000000000000000006 /* AudioSessionController.swift in Sources */,
				A10000000000000000000007 /* AppModel.swift in Sources */,
				A10000000000000000000008 /* RootView.swift in Sources */,
				A10000000000000000000009 /* PhoneViews.swift in Sources */,
				A1000000000000000000000A /* AirSIMSetupView.swift in Sources */,
				A1000000000000000000000E /* CallKitController.swift in Sources */,
				A1000000000000000000001A /* VoIPPushController.swift in Sources */,
				A10000000000000000000024 /* IPhoneCloudCallSession.swift in Sources */,
				A1000000000000000000002B /* CallLifecycleStore.swift in Sources */,
				A10000000000000000000025 /* VirtualCallTTSController.swift in Sources */,
				A10000000000000000000029 /* AgentVerboseTrace.swift in Sources */,
				A1000000000000000000002A /* AgentVerboseTraceView.swift in Sources */,
				A1000000000000000000002C /* SamsungPairingCrypto.swift in Sources */,
				A1000000000000000000002D /* SamsungPairingClient.swift in Sources */,
				A1000000000000000000002E /* SamsungPairingView.swift in Sources */,
				A1000000000000000000002F /* VoWLANAuth.swift in Sources */,
				A10000000000000000000030 /* VoWLANController.swift in Sources */,
				A1000000000000000000001B /* WatchCallCoordinator.swift in Sources */,
				A1000000000000000000001C /* WatchCallPayload.swift in Sources */,
				A10000000000000000000017 /* LocalHistoryStore.swift in Sources */,
			);
			runOnlyForDeploymentPostprocessing = 0;
		};
		C10000000000000000000005 /* Sources */ = {
			isa = PBXSourcesBuildPhase;
			buildActionMask = 2147483647;
			files = (
				A10000000000000000000013 /* AirSIMLiveActivityWidget.swift in Sources */,
				A10000000000000000000014 /* AirSIMLiveActivityShared.swift in Sources */,
				A10000000000000000000015 /* WiredHTTPTransport.swift in Sources */,
			);
			runOnlyForDeploymentPostprocessing = 0;
		};
		C30000000000000000000003 /* Sources */ = {
			isa = PBXSourcesBuildPhase;
			buildActionMask = 2147483647;
			files = (
				A30000000000000000000001 /* AirSIMTests.swift in Sources */,
			);
			runOnlyForDeploymentPostprocessing = 0;
		};
		C10000000000000000000009 /* Sources */ = {
			isa = PBXSourcesBuildPhase;
			buildActionMask = 2147483647;
			files = (
				A1000000000000000000001D /* WatchCallPayload.swift in Sources */,
				A1000000000000000000001E /* AirSIMWatchApp.swift in Sources */,
				A1000000000000000000001F /* WatchCallSession.swift in Sources */,
				A10000000000000000000020 /* WatchCallView.swift in Sources */,
			);
			runOnlyForDeploymentPostprocessing = 0;
		};
/* End PBXSourcesBuildPhase section */

/* Begin PBXTargetDependency section */
		H10000000000000000000001 /* PBXTargetDependency */ = {
			isa = PBXTargetDependency;
			target = E10000000000000000000003 /* AirSIMLiveActivityExtension */;
			targetProxy = G10000000000000000000001 /* PBXContainerItemProxy */;
		};
		H10000000000000000000002 /* PBXTargetDependency */ = {
			isa = PBXTargetDependency;
			target = E10000000000000000000004 /* AirSIMWatchApp */;
			targetProxy = G10000000000000000000002 /* PBXContainerItemProxy */;
		};
		H30000000000000000000001 /* PBXTargetDependency */ = {
			isa = PBXTargetDependency;
			target = E10000000000000000000001 /* AirSIM */;
			targetProxy = G30000000000000000000001 /* PBXContainerItemProxy */;
		};
/* End PBXTargetDependency section */

/* Begin XCBuildConfiguration section */
		F20000000000000000000001 /* Debug */ = {
			isa = XCBuildConfiguration;
			buildSettings = {
				CLANG_ENABLE_MODULES = YES;
				COPY_PHASE_STRIP = NO;
				DEBUG_INFORMATION_FORMAT = dwarf;
				ENABLE_TESTABILITY = YES;
				GCC_C_LANGUAGE_STANDARD = gnu17;
				IPHONEOS_DEPLOYMENT_TARGET = 16.3;
				SDKROOT = iphoneos;
				SWIFT_ACTIVE_COMPILATION_CONDITIONS = DEBUG;
				SWIFT_OPTIMIZATION_LEVEL = "-Onone";
			};
			name = Debug;
		};
		F20000000000000000000002 /* Release */ = {
			isa = XCBuildConfiguration;
			buildSettings = {
				CLANG_ENABLE_MODULES = YES;
				COPY_PHASE_STRIP = YES;
				DEBUG_INFORMATION_FORMAT = "dwarf-with-dsym";
				GCC_C_LANGUAGE_STANDARD = gnu17;
				IPHONEOS_DEPLOYMENT_TARGET = 16.3;
				SDKROOT = iphoneos;
				SWIFT_COMPILATION_MODE = wholemodule;
			};
			name = Release;
		};
		F20000000000000000000003 /* Debug */ = {
			isa = XCBuildConfiguration;
			buildSettings = {
				APS_ENVIRONMENT = development;
				ASSETCATALOG_COMPILER_APPICON_NAME = AppIcon;
				CODE_SIGN_ENTITLEMENTS = "$(AIRSIM_PUSH_ENTITLEMENTS)";
				CODE_SIGN_STYLE = Automatic;
				CURRENT_PROJECT_VERSION = 75;
				DEVELOPMENT_TEAM = "";
				AIRSIM_APNS_ENVIRONMENT = sandbox;
				AIRSIM_PUSH_ENTITLEMENTS = "AirSIM/AirSIM.entitlements";
				AIRSIM_PUSH_RELAY_URL = "";
				GENERATE_INFOPLIST_FILE = NO;
				INFOPLIST_FILE = "AirSIM/Info.plist";
				IPHONEOS_DEPLOYMENT_TARGET = 16.3;
				MARKETING_VERSION = 0.9.2;
				PRODUCT_BUNDLE_IDENTIFIER = com.example.airsim;
				PRODUCT_NAME = AirSIM;
				SUPPORTED_PLATFORMS = "iphoneos iphonesimulator";
				SUPPORTS_MACCATALYST = NO;
				SWIFT_EMIT_LOC_STRINGS = YES;
				SWIFT_VERSION = 5.0;
				TARGETED_DEVICE_FAMILY = "1,2";
			};
			name = Debug;
		};
		F20000000000000000000004 /* Release */ = {
			isa = XCBuildConfiguration;
			buildSettings = {
				APS_ENVIRONMENT = production;
				ASSETCATALOG_COMPILER_APPICON_NAME = AppIcon;
				CODE_SIGN_ENTITLEMENTS = "$(AIRSIM_PUSH_ENTITLEMENTS)";
				CODE_SIGN_STYLE = Automatic;
				CURRENT_PROJECT_VERSION = 75;
				DEVELOPMENT_TEAM = "";
				AIRSIM_APNS_ENVIRONMENT = production;
				AIRSIM_PUSH_ENTITLEMENTS = "AirSIM/AirSIM.entitlements";
				AIRSIM_PUSH_RELAY_URL = "";
				GENERATE_INFOPLIST_FILE = NO;
				INFOPLIST_FILE = "AirSIM/Info.plist";
				IPHONEOS_DEPLOYMENT_TARGET = 16.3;
				MARKETING_VERSION = 0.9.2;
				PRODUCT_BUNDLE_IDENTIFIER = com.example.airsim;
				PRODUCT_NAME = AirSIM;
				SUPPORTED_PLATFORMS = "iphoneos iphonesimulator";
				SUPPORTS_MACCATALYST = NO;
				SWIFT_EMIT_LOC_STRINGS = YES;
				SWIFT_VERSION = 5.0;
				TARGETED_DEVICE_FAMILY = "1,2";
			};
			name = Release;
		};
		F20000000000000000000005 /* Debug */ = {
			isa = XCBuildConfiguration;
			buildSettings = {
				APPLICATION_EXTENSION_API_ONLY = YES;
				CODE_SIGN_STYLE = Automatic;
				CURRENT_PROJECT_VERSION = 75;
				DEVELOPMENT_TEAM = "";
				GENERATE_INFOPLIST_FILE = NO;
				INFOPLIST_FILE = AirSIMLiveActivityExtension/Info.plist;
				IPHONEOS_DEPLOYMENT_TARGET = 16.3;
				LD_RUNPATH_SEARCH_PATHS = (
					"$(inherited)",
					"@executable_path/Frameworks",
					"@executable_path/../../Frameworks",
				);
				MARKETING_VERSION = 0.9.2;
				PRODUCT_BUNDLE_IDENTIFIER = com.example.airsim.liveactivity;
				PRODUCT_NAME = AirSIMLiveActivityExtension;
				SKIP_INSTALL = YES;
				SUPPORTED_PLATFORMS = "iphoneos iphonesimulator";
				SWIFT_EMIT_LOC_STRINGS = YES;
				SWIFT_VERSION = 5.0;
				TARGETED_DEVICE_FAMILY = "1,2";
			};
			name = Debug;
		};
		F20000000000000000000006 /* Release */ = {
			isa = XCBuildConfiguration;
			buildSettings = {
				APPLICATION_EXTENSION_API_ONLY = YES;
				CODE_SIGN_STYLE = Automatic;
				CURRENT_PROJECT_VERSION = 75;
				DEVELOPMENT_TEAM = "";
				GENERATE_INFOPLIST_FILE = NO;
				INFOPLIST_FILE = AirSIMLiveActivityExtension/Info.plist;
				IPHONEOS_DEPLOYMENT_TARGET = 16.3;
				LD_RUNPATH_SEARCH_PATHS = (
					"$(inherited)",
					"@executable_path/Frameworks",
					"@executable_path/../../Frameworks",
				);
				MARKETING_VERSION = 0.9.2;
				PRODUCT_BUNDLE_IDENTIFIER = com.example.airsim.liveactivity;
				PRODUCT_NAME = AirSIMLiveActivityExtension;
				SKIP_INSTALL = YES;
				SUPPORTED_PLATFORMS = "iphoneos iphonesimulator";
				SWIFT_EMIT_LOC_STRINGS = YES;
				SWIFT_VERSION = 5.0;
				TARGETED_DEVICE_FAMILY = "1,2";
			};
			name = Release;
		};
		F30000000000000000000002 /* Debug */ = {
			isa = XCBuildConfiguration;
			buildSettings = {
				BUNDLE_LOADER = "$(TEST_HOST)";
				CODE_SIGN_STYLE = Automatic;
				DEVELOPMENT_TEAM = "";
				GENERATE_INFOPLIST_FILE = YES;
				IPHONEOS_DEPLOYMENT_TARGET = 16.3;
				PRODUCT_BUNDLE_IDENTIFIER = com.example.airsim.tests;
				PRODUCT_NAME = "$(TARGET_NAME)";
				SWIFT_VERSION = 5.0;
				TARGETED_DEVICE_FAMILY = "1,2";
				TEST_HOST = "$(BUILT_PRODUCTS_DIR)/AirSIM.app/$(BUNDLE_EXECUTABLE_FOLDER_PATH)/AirSIM";
			};
			name = Debug;
		};
		F30000000000000000000003 /* Release */ = {
			isa = XCBuildConfiguration;
			buildSettings = {
				BUNDLE_LOADER = "$(TEST_HOST)";
				CODE_SIGN_STYLE = Automatic;
				DEVELOPMENT_TEAM = "";
				GENERATE_INFOPLIST_FILE = YES;
				IPHONEOS_DEPLOYMENT_TARGET = 16.3;
				PRODUCT_BUNDLE_IDENTIFIER = com.example.airsim.tests;
				PRODUCT_NAME = "$(TARGET_NAME)";
				SWIFT_VERSION = 5.0;
				TARGETED_DEVICE_FAMILY = "1,2";
				TEST_HOST = "$(BUILT_PRODUCTS_DIR)/AirSIM.app/$(BUNDLE_EXECUTABLE_FOLDER_PATH)/AirSIM";
			};
			name = Release;
		};
		F20000000000000000000007 /* Debug */ = {
			isa = XCBuildConfiguration;
			buildSettings = {
				APS_ENVIRONMENT = development;
				ASSETCATALOG_COMPILER_APPICON_NAME = AppIcon;
				CODE_SIGN_ENTITLEMENTS = "AirSIMWatchApp/AirSIMWatchApp.entitlements";
				CODE_SIGN_STYLE = Automatic;
				CURRENT_PROJECT_VERSION = 75;
				DEVELOPMENT_TEAM = "";
				ENABLE_PREVIEWS = YES;
				GENERATE_INFOPLIST_FILE = NO;
				INFOPLIST_FILE = "AirSIMWatchApp/Info.plist";
				INFOPLIST_KEY_CFBundleDisplayName = AirSIM;
				INFOPLIST_KEY_CFBundleIconName = AppIcon;
				INFOPLIST_KEY_WKCompanionAppBundleIdentifier = com.example.airsim;
				LD_RUNPATH_SEARCH_PATHS = "$(inherited) @executable_path/Frameworks";
				MARKETING_VERSION = 0.9.2;
				PRODUCT_BUNDLE_IDENTIFIER = com.example.airsim.watchkitapp;
				PRODUCT_NAME = AirSIMWatchApp;
				SDKROOT = watchos;
				SKIP_INSTALL = YES;
				SUPPORTED_PLATFORMS = "watchos watchsimulator";
				SWIFT_EMIT_LOC_STRINGS = YES;
				SWIFT_VERSION = 5.0;
				TARGETED_DEVICE_FAMILY = 4;
				WATCHOS_DEPLOYMENT_TARGET = 10.0;
			};
			name = Debug;
		};
		F20000000000000000000008 /* Release */ = {
			isa = XCBuildConfiguration;
			buildSettings = {
				APS_ENVIRONMENT = production;
				ASSETCATALOG_COMPILER_APPICON_NAME = AppIcon;
				CODE_SIGN_ENTITLEMENTS = "AirSIMWatchApp/AirSIMWatchApp.entitlements";
				CODE_SIGN_STYLE = Automatic;
				CURRENT_PROJECT_VERSION = 75;
				DEVELOPMENT_TEAM = "";
				GENERATE_INFOPLIST_FILE = NO;
				INFOPLIST_FILE = "AirSIMWatchApp/Info.plist";
				INFOPLIST_KEY_CFBundleDisplayName = AirSIM;
				INFOPLIST_KEY_CFBundleIconName = AppIcon;
				INFOPLIST_KEY_WKCompanionAppBundleIdentifier = com.example.airsim;
				LD_RUNPATH_SEARCH_PATHS = "$(inherited) @executable_path/Frameworks";
				MARKETING_VERSION = 0.9.2;
				PRODUCT_BUNDLE_IDENTIFIER = com.example.airsim.watchkitapp;
				PRODUCT_NAME = AirSIMWatchApp;
				SDKROOT = watchos;
				SKIP_INSTALL = YES;
				SUPPORTED_PLATFORMS = "watchos watchsimulator";
				SWIFT_EMIT_LOC_STRINGS = YES;
				SWIFT_VERSION = 5.0;
				TARGETED_DEVICE_FAMILY = 4;
				VALIDATE_PRODUCT = YES;
				WATCHOS_DEPLOYMENT_TARGET = 10.0;
			};
			name = Release;
		};
/* End XCBuildConfiguration section */

/* Begin XCConfigurationList section */
		F10000000000000000000001 /* Build configuration list for PBXProject "AirSIM" */ = {
			isa = XCConfigurationList;
			buildConfigurations = (
				F20000000000000000000001 /* Debug */,
				F20000000000000000000002 /* Release */,
			);
			defaultConfigurationIsVisible = 0;
			defaultConfigurationName = Release;
		};
		F10000000000000000000002 /* Build configuration list for PBXNativeTarget "AirSIM" */ = {
			isa = XCConfigurationList;
			buildConfigurations = (
				F20000000000000000000003 /* Debug */,
				F20000000000000000000004 /* Release */,
			);
			defaultConfigurationIsVisible = 0;
			defaultConfigurationName = Release;
		};
		F10000000000000000000003 /* Build configuration list for PBXNativeTarget "AirSIMLiveActivityExtension" */ = {
			isa = XCConfigurationList;
			buildConfigurations = (
				F20000000000000000000005 /* Debug */,
				F20000000000000000000006 /* Release */,
			);
			defaultConfigurationIsVisible = 0;
			defaultConfigurationName = Release;
		};
		F30000000000000000000001 /* Build configuration list for PBXNativeTarget "AirSIMTests" */ = {
			isa = XCConfigurationList;
			buildConfigurations = (
				F30000000000000000000002 /* Debug */,
				F30000000000000000000003 /* Release */,
			);
			defaultConfigurationIsVisible = 0;
			defaultConfigurationName = Release;
		};
		F10000000000000000000004 /* Build configuration list for PBXNativeTarget "AirSIMWatchApp" */ = {
			isa = XCConfigurationList;
			buildConfigurations = (
				F20000000000000000000007 /* Debug */,
				F20000000000000000000008 /* Release */,
			);
			defaultConfigurationIsVisible = 0;
			defaultConfigurationName = Release;
		};
/* End XCConfigurationList section */
	};
	rootObject = E10000000000000000000002 /* Project object */;
}
